{
  "nodes": {
    "flake-utils": {
      "inputs": {
        "systems": "systems"
      },
      "locked": {
        "lastModified": 1731533236,
        "narHash": "sha256-l0KFg5HjrsfsO/JpG+r7fRrqm12kzFHyUHqHCVpMMbI=",
        "owner": "numtide",
        "repo": "flake-utils",
        "rev": "11707dc2f618dd54ca8739b309ec4fc024de578b",
        "type": "github"
      },
      "original": {
        "owner": "numtide",
        "repo": "flake-utils",
        "type": "github"
      }
    },
    "gammaboard-src": {
      "flake": false,
      "locked": {
        "lastModified": 1788867648,
        "narHash": "sha256-+1+aC+wlpQWwwZ4rqPHqmec8cq1VGZ6BnTdLNwmo3go=",
        "owner": "alphal00p",
        "repo": "gammaboard",
        "rev": "58486ade43bf7aeb7e8c402e4021f4b99d774796",
        "type": "github"
      },
      "original": {
        "owner": "alphal00p",
        "repo": "gammaboard",
        "rev": "58486ade43bf7aeb7e8c402e4021f4b99d774796",
        "type": "github"
      }
    },
    "madnis-src": {
      "flake": false,
      "locked": {
        "lastModified": 1781884419,
        "narHash": "sha256-TRUQuozaAc5ItEqrVnlPsyRVsrVUxUN0oVpqyl4Kkbs=",
        "owner": "madgraph-ml",
        "repo": "madnis",
        "rev": "f16fb71d41271e3078b8ffc9db072a4241c12498",
        "type": "github"
      },
      "original": {
        "owner": "madgraph-ml",
        "repo": "madnis",
        "rev": "f16fb71d41271e3078b8ffc9db072a4241c12498",
        "type": "github"
      }
    },
    "nixpkgs": {
      "locked": {
        "lastModified": 1778274207,
        "narHash": "sha256-I4puXmX1iovcCHZlRmztO3vW0mAbbRvq4F8wgIMQ1MM=",
        "owner": "NixOS",
        "repo": "nixpkgs",
        "rev": "b3da656039dc7a6240f27b2ef8cc6a3ef3bccae7",
        "type": "github"
      },
      "original": {
        "owner": "NixOS",
        "ref": "nixpkgs-unstable",
        "repo": "nixpkgs",
        "type": "github"
      }
    },
    "root": {
      "inputs": {
        "flake-utils": "flake-utils",
        "gammaboard-src": "gammaboard-src",
        "madnis-src": "madnis-src",
        "nixpkgs": "nixpkgs"
      }
    },
    "systems": {
      "locked": {
        "lastModified": 1681028828,
        "narHash": "sha256-Vy1rq5AaRuLzOxct8nz4T6wlgyUR7zLU309k9mBC768=",
        "owner": "nix-systems",
        "repo": "default",
        "rev": "da67096a3b9bf56a91d16901293e51ba5b49a27e",
        "type": "github"
      },
      "original": {
        "owner": "nix-systems",
        "repo": "default",
        "type": "github"
      }
    }
  },
  "root": "root",
  "version": 7
}
